// !$*UTF8*$!
{
	archiveVersion = 1;
	classes = {
	};
	objectVersion = 56;
	objects = {

/* Begin PBXBuildFile section */
		FE5CD68F2AFE70340094AA1C /* AppDelegate.m in Sources */ = {isa = PBXBuildFile; fileRef = FE5CD68E2AFE70340094AA1C /* AppDelegate.m */; };
		FE5CD6922AFE70340094AA1C /* SceneDelegate.m in Sources */ = {isa = PBXBuildFile; fileRef = FE5CD6912AFE70340094AA1C /* SceneDelegate.m */; };
		FE5CD6952AFE70340094AA1C /* ViewController.m in Sources */ = {isa = PBXBuildFile; fileRef = FE5CD6942AFE70340094AA1C /* ViewController.m */; };
		FE5CD6982AFE70340094AA1C /* Main.storyboard in Resources */ = {isa = PBXBuildFile; fileRef = FE5CD6962AFE70340094AA1C /* Main.storyboard */; };
		FE5CD69A2AFE70350094AA1C /* Assets.xcassets in Resources */ = {isa = PBXBuildFile; fileRef = FE5CD6992AFE70350094AA1C /* Assets.xcassets */; };
		FE5CD69D2AFE70350094AA1C /* LaunchScreen.storyboard in Resources */ = {isa = PBXBuildFile; fileRef = FE5CD69B2AFE70350094AA1C /* LaunchScreen.storyboard */; };
		FE5CD6A02AFE70350094AA1C /* main.m in Sources */ = {isa = PBXBuildFile; fileRef = FE5CD69F2AFE70350094AA1C /* main.m */; };
		FE5CD6AA2AFE753F0094AA1C /* Localizable.strings in Resources */ = {isa = PBXBuildFile; fileRef = FE5CD6AC2AFE753F0094AA1C /* Localizable.strings */; };
/* End PBXBuildFile section */

/* Begin PBXFileReference section */
		FE5CD68A2AFE70340094AA1C /* Zadanie6-ios.app */ = {isa = PBXFileReference; explicitFileType = wrapper.application; includeInIndex = 0; path = "Zadanie6-ios.app"; sourceTree = BUILT_PRODUCTS_DIR; };
		FE5CD68D2AFE70340094AA1C /* AppDelegate.h */ = {isa = PBXFileReference; lastKnownFileType = sourcecode.c.h; path = AppDelegate.h; sourceTree = "<group>"; };
		FE5CD68E2AFE70340094AA1C /* AppDelegate.m */ = {isa = PBXFileReference; lastKnownFileType = sourcecode.c.objc; path = AppDelegate.m; sourceTree = "<group>"; };
		FE5CD6902AFE70340094AA1C /* SceneDelegate.h */ = {isa = PBXFileReference; lastKnownFileType = sourcecode.c.h; path = SceneDelegate.h; sourceTree = "<group>"; };
		FE5CD6912AFE70340094AA1C /* SceneDelegate.m */ = {isa = PBXFileReference; lastKnownFileType = sourcecode.c.objc; path = SceneDelegate.m; sourceTree = "<group>"; };
		FE5CD6932AFE70340094AA1C /* ViewController.h */ = {isa = PBXFileReference; lastKnownFileType = sourcecode.c.h; path = ViewController.h; sourceTree = "<group>"; };
		FE5CD6942AFE70340094AA1C /* ViewController.m */ = {isa = PBXFileReference; lastKnownFileType = sourcecode.c.objc; path = ViewController.m; sourceTree = "<group>"; };
		FE5CD6972AFE70340094AA1C /* Base */ = {isa = PBXFileReference; lastKnownFileType = file.storyboard; name = Base; path = Base.lproj/Main.storyboard; sourceTree = "<group>"; };
		FE5CD6992AFE70350094AA1C /* Assets.xcassets */ = {isa = PBXFileReference; lastKnownFileType = folder.assetcatalog; path = Assets.xcassets; sourceTree = "<group>"; };
		FE5CD69C2AFE70350094AA1C /* Base */ = {isa = PBXFileReference; lastKnownFileType = file.storyboard; name = Base; path = Base.lproj/LaunchScreen.storyboard; sourceTree = "<group>"; };
		FE5CD69E2AFE70350094AA1C /* Info.plist */ = {isa = PBXFileReference; lastKnownFileType = text.plist.xml; path = Info.plist; sourceTree = "<group>"; };
		FE5CD69F2AFE70350094AA1C /* main.m */ = {isa = PBXFileReference; lastKnownFileType = sourcecode.c.objc; path = main.m; sourceTree = "<group>"; };
		FE5CD6A82AFE750D0094AA1C /* pl */ = {isa = PBXFileReference; lastKnownFileType = text.plist.strings; name = pl; path = pl.lproj/Main.strings; sourceTree = "<group>"; };
		FE5CD6A92AFE750D0094AA1C /* pl */ = {isa = PBXFileReference; lastKnownFileType = text.plist.strings; name = pl; path = pl.lproj/LaunchScreen.strings; sourceTree = "<group>"; };
		FE5CD6AB2AFE753F0094AA1C /* en */ = {isa = PBXFileReference; lastKnownFileType = text.plist.strings; name = en; path = en.lproj/Localizable.strings; sourceTree = "<group>"; };
		FE5CD6AD2AFE754E0094AA1C /* pl */ = {isa = PBXFileReference; lastKnownFileType = text.plist.strings; name = pl; path = pl.lproj/Localizable.strings; sourceTree = "<group>"; };
/* End PBXFileReference section */

/* Begin PBXFrameworksBuildPhase section */
		FE5CD6872AFE70340094AA1C /* Frameworks */ = {
			isa = PBXFrameworksBuildPhase;
			buildActionMask = 2147483647;
			files = (
			);
			runOnlyForDeploymentPostprocessing = 0;
		};
/* End PBXFrameworksBuildPhase section */

/* Begin PBXGroup section */
		FE5CD6812AFE70340094AA1C = {
			isa = PBXGroup;
			children = (
				FE5CD68C2AFE70340094AA1C /* Zadanie6-ios */,
				FE5CD68B2AFE70340094AA1C /* Products */,
			);
			sourceTree = "<group>";
		};
		FE5CD68B2AFE70340094AA1C /* Products */ = {
			isa = PBXGroup;
			children = (
				FE5CD68A2AFE70340094AA1C /* Zadanie6-ios.app */,
			);
			name = Products;
			sourceTree = "<group>";
		};
		FE5CD68C2AFE70340094AA1C /* Zadanie6-ios */ = {
			isa = PBXGroup;
			children = (
				FE5CD68D2AFE70340094AA1C /* AppDelegate.h */,
				FE5CD68E2AFE70340094AA1C /* AppDelegate.m */,
				FE5CD6902AFE70340094AA1C /* SceneDelegate.h */,
				FE5CD6912AFE70340094AA1C /* SceneDelegate.m */,
				FE5CD6932AFE70340094AA1C /* ViewController.h */,
				FE5CD6942AFE70340094AA1C /* ViewController.m */,
				FE5CD6962AFE70340094AA1C /* Main.storyboard */,
				FE5CD6992AFE70350094AA1C /* Assets.xcassets */,
				FE5CD69B2AFE70350094AA1C /* LaunchScreen.storyboard */,
				FE5CD69E2AFE70350094AA1C /* Info.plist */,
				FE5CD69F2AFE70350094AA1C /* main.m */,
				FE5CD6AC2AFE753F0094AA1C /* Localizable.strings */,
			);
			path = "Zadanie6-ios";
			sourceTree = "<group>";
		};
/* End PBXGroup section */

/* Begin PBXNativeTarget section */
		FE5CD6892AFE70340094AA1C /* Zadanie6-ios */ = {
			isa = PBXNativeTarget;
			buildConfigurationList = FE5CD6A32AFE70350094AA1C /* Build configuration list for PBXNativeTarget "Zadanie6-ios" */;
			buildPhases = (
				FE5CD6862AFE70340094AA1C /* Sources */,
				FE5CD6872AFE70340094AA1C /* Frameworks */,
				FE5CD6882AFE70340094AA1C /* Resources */,
			);
			buildRules = (
			);
			dependencies = (
			);
			name = "Zadanie6-ios";
			productName = "Zadanie6-ios";
			productReference = FE5CD68A2AFE70340094AA1C /* Zadanie6-ios.app */;
			productType = "com.apple.product-type.application";
		};
/* End PBXNativeTarget section */

/* Begin PBXProject section */
		FE5CD6822AFE70340094AA1C /* Project object */ = {
			isa = PBXProject;
			attributes = {
				BuildIndependentTargetsInParallel = 1;
				LastUpgradeCheck = 1500;
				TargetAttributes = {
					FE5CD6892AFE70340094AA1C = {
						CreatedOnToolsVersion = 15.0.1;
					};
				};
			};
			buildConfigurationList = FE5CD6852AFE70340094AA1C /* Build configuration list for PBXProject "Zadanie6-ios" */;
			compatibilityVersion = "Xcode 14.0";
			developmentRegion = en;
			hasScannedForEncodings = 0;
			knownRegions = (
				en,
				Base,
				pl,
			);
			mainGroup = FE5CD6812AFE70340094AA1C;
			productRefGroup = FE5CD68B2AFE70340094AA1C /* Products */;
			projectDirPath = "";
			projectRoot = "";
			targets = (
				FE5CD6892AFE70340094AA1C /* Zadanie6-ios */,
			);
		};
/* End PBXProject section */

/* Begin PBXResourcesBuildPhase section */
		FE5CD6882AFE70340094AA1C /* Resources */ = {
			isa = PBXResourcesBuildPhase;
			buildActionMask = 2147483647;
			files = (
				FE5CD69D2AFE70350094AA1C /* LaunchScreen.storyboard in Resources */,
				FE5CD6AA2AFE753F0094AA1C /* Localizable.strings in Resources */,
				FE5CD69A2AFE70350094AA1C /* Assets.xcassets in Resources */,
				FE5CD6982AFE70340094AA1C /* Main.storyboard in Resources */,
			);
			runOnlyForDeploymentPostprocessing = 0;
		};
/* End PBXResourcesBuildPhase section */

/* Begin PBXSourcesBuildPhase section */
		FE5CD6862AFE70340094AA1C /* Sources */ = {
			isa = PBXSourcesBuildPhase;
			buildActionMask = 2147483647;
			files = (
				FE5CD6952AFE70340094AA1C /* ViewController.m in Sources */,
				FE5CD68F2AFE70340094AA1C /* AppDelegate.m in Sources */,
				FE5CD6A02AFE70350094AA1C /* main.m in Sources */,
				FE5CD6922AFE70340094AA1C /* SceneDelegate.m in Sources */,
			);
			runOnlyForDeploymentPostprocessing = 0;
		};
/* End PBXSourcesBuildPhase section */

/* Begin PBXVariantGroup section */
		FE5CD6962AFE70340094AA1C /* Main.storyboard */ = {
			isa = PBXVariantGroup;
			children = (
				FE5CD6972AFE70340094AA1C /* Base */,
				FE5CD6A82AFE750D0094AA1C /* pl */,
			);
			name = Main.storyboard;
			sourceTree = "<group>";
		};
		FE5CD69B2AFE70350094AA1C /* LaunchScreen.storyboard */ = {
			isa = PBXVariantGroup;
			children = (
				FE5CD69C2AFE70350094AA1C /* Base */,
				FE5CD6A92AFE750D0094AA1C /* pl */,
			);
			name = LaunchScreen.storyboard;
			sourceTree = "<group>";
		};
		FE5CD6AC2AFE753F0094AA1C /* Localizable.strings */ = {
			isa = PBXVariantGroup;
			children = (
				FE5CD6AB2AFE753F0094AA1C /* en */,
				FE5CD6AD2AFE754E0094AA1C /* pl */,
			);
			name = Localizable.strings;
			sourceTree = "<group>";
		};
/* End PBXVariantGroup section */

/* Begin XCBuildConfiguration section */
		FE5CD6A12AFE70350094AA1C /* Debug */ = {
			isa = XCBuildConfiguration;
			buildSettings = {
				ALWAYS_SEARCH_USER_PATHS = NO;
				ASSETCATALOG_COMPILER_GENERATE_SWIFT_ASSET_SYMBOL_EXTENSIONS = YES;
				CLANG_ANALYZER_LOCALIZABILITY_NONLOCALIZED = YES;
				CLANG_ANALYZER_NONNULL = YES;
				CLANG_ANALYZER_NUMBER_OBJECT_CONVERSION = YES_AGGRESSIVE;
				CLANG_CXX_LANGUAGE_STANDARD = "gnu++20";
				CLANG_ENABLE_MODULES = YES;
				CLANG_ENABLE_OBJC_ARC = YES;
				CLANG_ENABLE_OBJC_WEAK = YES;
				CLANG_WARN_BLOCK_CAPTURE_AUTORELEASING = YES;
				CLANG_WARN_BOOL_CONVERSION = YES;
				CLANG_WARN_COMMA = YES;
				CLANG_WARN_CONSTANT_CONVERSION = YES;
				CLANG_WARN_DEPRECATED_OBJC_IMPLEMENTATIONS = YES;
				CLANG_WARN_DIRECT_OBJC_ISA_USAGE = YES_ERROR;
				CLANG_WARN_DOCUMENTATION_COMMENTS = YES;
				CLANG_WARN_EMPTY_BODY = YES;
				CLANG_WARN_ENUM_CONVERSION = YES;
				CLANG_WARN_INFINITE_RECURSION = YES;
				CLANG_WARN_INT_CONVERSION = YES;
				CLANG_WARN_NON_LITERAL_NULL_CONVERSION = YES;
				CLANG_WARN_OBJC_IMPLICIT_RETAIN_SELF = YES;
				CLANG_WARN_OBJC_LITERAL_CONVERSION = YES;
				CLANG_WARN_OBJC_ROOT_CLASS = YES_ERROR;
				CLANG_WARN_QUOTED_INCLUDE_IN_FRAMEWORK_HEADER = YES;
				CLANG_WARN_RANGE_LOOP_ANALYSIS = YES;
				CLANG_WARN_STRICT_PROTOTYPES = YES;
				CLANG_WARN_SUSPICIOUS_MOVE = YES;
				CLANG_WARN_UNGUARDED_AVAILABILITY = YES_AGGRESSIVE;
				CLANG_WARN_UNREACHABLE_CODE = YES;
				CLANG_WARN__DUPLICATE_METHOD_MATCH = YES;
				COPY_PHASE_STRIP = NO;
				DEBUG_INFORMATION_FORMAT = dwarf;
				ENABLE_STRICT_OBJC_MSGSEND = YES;
				ENABLE_TESTABILITY = YES;
				ENABLE_USER_SCRIPT_SANDBOXING = YES;
				GCC_C_LANGUAGE_STANDARD = gnu17;
				GCC_DYNAMIC_NO_PIC = NO;
				GCC_NO_COMMON_BLOCKS = YES;
				GCC_OPTIMIZATION_LEVEL = 0;
				GCC_PREPROCESSOR_DEFINITIONS = (
					"DEBUG=1",
					"$(inherited)",
				);
				GCC_WARN_64_TO_32_BIT_CONVERSION = YES;
				GCC_WARN_ABOUT_RETURN_TYPE = YES_ERROR;
				GCC_WARN_UNDECLARED_SELECTOR = YES;
				GCC_WARN_UNINITIALIZED_AUTOS = YES_AGGRESSIVE;
				GCC_WARN_UNUSED_FUNCTION = YES;
				GCC_WARN_UNUSED_VARIABLE = YES;
				IPHONEOS_DEPLOYMENT_TARGET = 17.0;
				LOCALIZATION_PREFERS_STRING_CATALOGS = YES;
				MTL_ENABLE_DEBUG_INFO = INCLUDE_SOURCE;
				MTL_FAST_MATH = YES;
				ONLY_ACTIVE_ARCH = YES;
				SDKROOT = iphoneos;
			};
			name = Debug;
		};
		FE5CD6A22AFE70350094AA1C /* Release */ = {
			isa = XCBuildConfiguration;
			buildSettings = {
				ALWAYS_SEARCH_USER_PATHS = NO;
				ASSETCATALOG_COMPILER_GENERATE_SWIFT_ASSET_SYMBOL_EXTENSIONS = YES;
				CLANG_ANALYZER_LOCALIZABILITY_NONLOCALIZED = YES;
				CLANG_ANALYZER_NONNULL = YES;
				CLANG_ANALYZER_NUMBER_OBJECT_CONVERSION = YES_AGGRESSIVE;
				CLANG_CXX_LANGUAGE_STANDARD = "gnu++20";
				CLANG_ENABLE_MODULES = YES;
				CLANG_ENABLE_OBJC_ARC = YES;
				CLANG_ENABLE_OBJC_WEAK = YES;
				CLANG_WARN_BLOCK_CAPTURE_AUTORELEASING = YES;
				CLANG_WARN_BOOL_CONVERSION = YES;
				CLANG_WARN_COMMA = YES;
				CLANG_WARN_CONSTANT_CONVERSION = YES;
				CLANG_WARN_DEPRECATED_OBJC_IMPLEMENTATIONS = YES;
				CLANG_WARN_DIRECT_OBJC_ISA_USAGE = YES_ERROR;
				CLANG_WARN_DOCUMENTATION_COMMENTS = YES;
				CLANG_WARN_EMPTY_BODY = YES;
				CLANG_WARN_ENUM_CONVERSION = YES;
				CLANG_WARN_INFINITE_RECURSION = YES;
				CLANG_WARN_INT_CONVERSION = YES;
				CLANG_WARN_NON_LITERAL_NULL_CONVERSION = YES;
				CLANG_WARN_OBJC_IMPLICIT_RETAIN_SELF = YES;
				CLANG_WARN_OBJC_LITERAL_CONVERSION = YES;
				CLANG_WARN_OBJC_ROOT_CLASS = YES_ERROR;
				CLANG_WARN_QUOTED_INCLUDE_IN_FRAMEWORK_HEADER = YES;
				CLANG_WARN_RANGE_LOOP_ANALYSIS = YES;
				CLANG_WARN_STRICT_PROTOTYPES = YES;
				CLANG_WARN_SUSPICIOUS_MOVE = YES;
				CLANG_WARN_UNGUARDED_AVAILABILITY = YES_AGGRESSIVE;
				CLANG_WARN_UNREACHABLE_CODE = YES;
				CLANG_WARN__DUPLICATE_METHOD_MATCH = YES;
				COPY_PHASE_STRIP = NO;
				DEBUG_INFORMATION_FORMAT = "dwarf-with-dsym";
				ENABLE_NS_ASSERTIONS = NO;
				ENABLE_STRICT_OBJC_MSGSEND = YES;
				ENABLE_USER_SCRIPT_SANDBOXING = YES;
				GCC_C_LANGUAGE_STANDARD = gnu17;
				GCC_NO_COMMON_BLOCKS = YES;
				GCC_WARN_64_TO_32_BIT_CONVERSION = YES;
				GCC_WARN_ABOUT_RETURN_TYPE = YES_ERROR;
				GCC_WARN_UNDECLARED_SELECTOR = YES;
				GCC_WARN_UNINITIALIZED_AUTOS = YES_AGGRESSIVE;
				GCC_WARN_UNUSED_FUNCTION = YES;
				GCC_WARN_UNUSED_VARIABLE = YES;
				IPHONEOS_DEPLOYMENT_TARGET = 17.0;
				LOCALIZATION_PREFERS_STRING_CATALOGS = YES;
				MTL_ENABLE_DEBUG_INFO = NO;
				MTL_FAST_MATH = YES;
				SDKROOT = iphoneos;
				VALIDATE_PRODUCT = YES;
			};
			name = Release;
		};
		FE5CD6A42AFE70350094AA1C /* Debug */ = {
			isa = XCBuildConfiguration;
			buildSettings = {
				ASSETCATALOG_COMPILER_APPICON_NAME = AppIcon;
				ASSETCATALOG_COMPILER_GLOBAL_ACCENT_COLOR_NAME = AccentColor;
				CODE_SIGN_STYLE = Automatic;
				CURRENT_PROJECT_VERSION = 1;
				GENERATE_INFOPLIST_FILE = YES;
				INFOPLIST_FILE = "Zadanie6-ios/Info.plist";
				INFOPLIST_KEY_UIApplicationSupportsIndirectInputEvents = YES;
				INFOPLIST_KEY_UILaunchStoryboardName = LaunchScreen;
				INFOPLIST_KEY_UIMainStoryboardFile = Main;
				INFOPLIST_KEY_UISupportedInterfaceOrientations_iPad = "UIInterfaceOrientationPortrait UIInterfaceOrientationPortraitUpsideDown UIInterfaceOrientationLandscapeLeft UIInterfaceOrientationLandscapeRight";
				INFOPLIST_KEY_UISupportedInterfaceOrientations_iPhone = "UIInterfaceOrientationPortrait UIInterfaceOrientationLandscapeLeft UIInterfaceOrientationLandscapeRight";
				LD_RUNPATH_SEARCH_PATHS = (
					"$(inherited)",
					"@executable_path/Frameworks",
				);
				MARKETING_VERSION = 1.0;
				PRODUCT_BUNDLE_IDENTIFIER = "com.zadanie6.Zadanie6-ios";
				PRODUCT_NAME = "$(TARGET_NAME)";
				SWIFT_EMIT_LOC_STRINGS = YES;
				TARGETED_DEVICE_FAMILY = "1,2";
			};
			name = Debug;
		};
		FE5CD6A52AFE70350094AA1C /* Release */ = {
			isa = XCBuildConfiguration;
			buildSettings = {
				ASSETCATALOG_COMPILER_APPICON_NAME = AppIcon;
				ASSETCATALOG_COMPILER_GLOBAL_ACCENT_COLOR_NAME = AccentColor;
				CODE_SIGN_STYLE = Automatic;
				CURRENT_PROJECT_VERSION = 1;
				GENERATE_INFOPLIST_FILE = YES;
				INFOPLIST_FILE = "Zadanie6-ios/Info.plist";
				INFOPLIST_KEY_UIApplicationSupportsIndirectInputEvents = YES;
				INFOPLIST_KEY_UILaunchStoryboardName = LaunchScreen;
				INFOPLIST_KEY_UIMainStoryboardFile = Main;
				INFOPLIST_KEY_UISupportedInterfaceOrientations_iPad = "UIInterfaceOrientationPortrait UIInterfaceOrientationPortraitUpsideDown UIInterfaceOrientationLandscapeLeft UIInterfaceOrientationLandscapeRight";
				INFOPLIST_KEY_UISupportedInterfaceOrientations_iPhone = "UIInterfaceOrientationPortrait UIInterfaceOrientationLandscapeLeft UIInterfaceOrientationLandscapeRight";
				LD_RUNPATH_SEARCH_PATHS = (
					"$(inherited)",
					"@executable_path/Frameworks",
				);
				MARKETING_VERSION = 1.0;
				PRODUCT_BUNDLE_IDENTIFIER = "com.zadanie6.Zadanie6-ios";
				PRODUCT_NAME = "$(TARGET_NAME)";
				SWIFT_EMIT_LOC_STRINGS = YES;
				TARGETED_DEVICE_FAMILY = "1,2";
			};
			name = Release;
		};
/* End XCBuildConfiguration section */

/* Begin XCConfigurationList section */
		FE5CD6852AFE70340094AA1C /* Build configuration list for PBXProject "Zadanie6-ios" */ = {
			isa = XCConfigurationList;
			buildConfigurations = (
				FE5CD6A12AFE70350094AA1C /* Debug */,
				FE5CD6A22AFE70350094AA1C /* Release */,
			);
			defaultConfigurationIsVisible = 0;
			defaultConfigurationName = Release;
		};
		FE5CD6A32AFE70350094AA1C /* Build configuration list for PBXNativeTarget "Zadanie6-ios" */ = {
			isa = XCConfigurationList;
			buildConfigurations = (
				FE5CD6A42AFE70350094AA1C /* Debug */,
				FE5CD6A52AFE70350094AA1C /* Release */,
			);
			defaultConfigurationIsVisible = 0;
			defaultConfigurationName = Release;
		};
/* End XCConfigurationList section */
	};
	rootObject = FE5CD6822AFE70340094AA1C /* Project object */;
}
